
Microsoft Visual Studio Solution File, Format Version 12.00
# Visual Studio Version 16
VisualStudioVersion = 16.0.31729.503
MinimumVisualStudioVersion = 10.0.40219.1
Project("{FAE04EC0-301F-11D3-BF4B-00C04F79EFBC}") = "Day2", "Day2\Day2.csproj", "{722DDDC8-01CD-4F86-8AC8-9C0AC6BFE801}"
EndProject
Project("{FAE04EC0-301F-11D3-BF4B-00C04F79EFBC}") = "WpfApp1", "WpfApp1\WpfApp1.csproj", "{2E9FFA10-996C-4D17-A124-2FC964CBAFD9}"
EndProject
Global
	GlobalSection(SolutionConfigurationPlatforms) = preSolution
		Debug|Any CPU = Debug|Any CPU
		Release|Any CPU = Release|Any CPU
	EndGlobalSection
	GlobalSection(ProjectConfigurationPlatforms) = postSolution
		{722DDDC8-01CD-4F86-8AC8-9C0AC6BFE801}.Debug|Any CPU.ActiveCfg = Debug|Any CPU
		{722DDDC8-01CD-4F86-8AC8-9C0AC6BFE801}.Debug|Any CPU.Build.0 = Debug|Any CPU
		{722DDDC8-01CD-4F86-8AC8-9C0AC6BFE801}.Release|Any CPU.ActiveCfg = Release|Any CPU
		{722DDDC8-01CD-4F86-8AC8-9C0AC6BFE801}.Release|Any CPU.Build.0 = Release|Any CPU
		{2E9FFA10-996C-4D17-A124-2FC964CBAFD9}.Debug|Any CPU.ActiveCfg = Debug|Any CPU
		{2E9FFA10-996C-4D17-A124-2FC964CBAFD9}.Debug|Any CPU.Build.0 = Debug|Any CPU
		{2E9FFA10-996C-4D17-A124-2FC964CBAFD9}.Release|Any CPU.ActiveCfg = Release|Any CPU
		{2E9FFA10-996C-4D17-A124-2FC964CBAFD9}.Release|Any CPU.Build.0 = Release|Any CPU
	EndGlobalSection
	GlobalSection(SolutionProperties) = preSolution
		HideSolutionNode = FALSE
	EndGlobalSection
	GlobalSection(ExtensibilityGlobals) = postSolution
		SolutionGuid = {FFBD0C16-B778-4FBC-A1AD-ED74ED229751}
	EndGlobalSection
EndGlobal
